[[package]]
name = "darling"
version = "0.3.2"
source = "registry+https://github.com/rust-lang/crates.io-index"
dependencies = [
 "darling_core 0.3.2 (registry+https://github.com/rust-lang/crates.io-index)",
 "darling_macro 0.3.2 (registry+https://github.com/rust-lang/crates.io-index)",
]

[[package]]
name = "darling_core"
version = "0.3.2"
source = "registry+https://github.com/rust-lang/crates.io-index"
dependencies = [
 "ident_case 1.0.0 (registry+https://github.com/rust-lang/crates.io-index)",
 "proc-macro2 0.2.3 (registry+https://github.com/rust-lang/crates.io-index)",
 "quote 0.4.2 (registry+https://github.com/rust-lang/crates.io-index)",
 "syn 0.12.15 (registry+https://github.com/rust-lang/crates.io-index)",
]

[[package]]
name = "darling_macro"
version = "0.3.2"
source = "registry+https://github.com/rust-lang/crates.io-index"
dependencies = [
 "darling_core 0.3.2 (registry+https://github.com/rust-lang/crates.io-index)",
 "quote 0.4.2 (registry+https://github.com/rust-lang/crates.io-index)",
 "syn 0.12.15 (registry+https://github.com/rust-lang/crates.io-index)",
]

[[package]]
name = "ident_case"
version = "1.0.0"
source = "registry+https://github.com/rust-lang/crates.io-index"

[[package]]
name = "nbt-derive"
version = "0.1.0"
dependencies = [
 "darling 0.3.2 (registry+https://github.com/rust-lang/crates.io-index)",
 "proc-macro2 0.2.3 (registry+https://github.com/rust-lang/crates.io-index)",
 "quote 0.4.2 (registry+https://github.com/rust-lang/crates.io-index)",
 "syn 0.12.15 (registry+https://github.com/rust-lang/crates.io-index)",
]

[[package]]
name = "proc-macro2"
version = "0.2.3"
source = "registry+https://github.com/rust-lang/crates.io-index"
dependencies = [
 "unicode-xid 0.1.0 (registry+https://github.com/rust-lang/crates.io-index)",
]

[[package]]
name = "quote"
version = "0.4.2"
source = "registry+https://github.com/rust-lang/crates.io-index"
dependencies = [
 "proc-macro2 0.2.3 (registry+https://github.com/rust-lang/crates.io-index)",
]

[[package]]
name = "syn"
version = "0.12.15"
source = "registry+https://github.com/rust-lang/crates.io-index"
dependencies = [
 "proc-macro2 0.2.3 (registry+https://github.com/rust-lang/crates.io-index)",
 "quote 0.4.2 (registry+https://github.com/rust-lang/crates.io-index)",
 "unicode-xid 0.1.0 (registry+https://github.com/rust-lang/crates.io-index)",
]

[[package]]
name = "unicode-xid"
version = "0.1.0"
source = "registry+https://github.com/rust-lang/crates.io-index"

[metadata]
"checksum darling 0.3.2 (registry+https://github.com/rust-lang/crates.io-index)" = "a39e3d09915b582606f7a8bc707b0f89468a7217549c338338b11ee0e208afd2"
"checksum darling_core 0.3.2 (registry+https://github.com/rust-lang/crates.io-index)" = "fb28347e2dd3e2c5ce581928464319efca09cd88bb1686f92ac6ff2cdee75f68"
"checksum darling_macro 0.3.2 (registry+https://github.com/rust-lang/crates.io-index)" = "b4dd9575a972cd00cdd5c7f35668b4c2c11440b2f4216933d3e7d45065269e41"
"checksum ident_case 1.0.0 (registry+https://github.com/rust-lang/crates.io-index)" = "3c9826188e666f2ed92071d2dadef6edc430b11b158b5b2b3f4babbcc891eaaa"
"checksum proc-macro2 0.2.3 (registry+https://github.com/rust-lang/crates.io-index)" = "cd07deb3c6d1d9ff827999c7f9b04cdfd66b1b17ae508e14fe47b620f2282ae0"
"checksum quote 0.4.2 (registry+https://github.com/rust-lang/crates.io-index)" = "1eca14c727ad12702eb4b6bfb5a232287dcf8385cb8ca83a3eeaf6519c44c408"
"checksum syn 0.12.15 (registry+https://github.com/rust-lang/crates.io-index)" = "c97c05b8ebc34ddd6b967994d5c6e9852fa92f8b82b3858c39451f97346dcce5"
"checksum unicode-xid 0.1.0 (registry+https://github.com/rust-lang/crates.io-index)" = "fc72304796d0818e357ead4e000d19c9c174ab23dc11093ac919054d20a6a7fc"
